
Microsoft Visual Studio Solution File, Format Version 12.00
# Visual Studio Version 17
VisualStudioVersion = 17.3.32929.385
MinimumVisualStudioVersion = 10.0.40219.1
Project("{FAE04EC0-301F-11D3-BF4B-00C04F79EFBC}") = "homework7", "homework7\homework7.csproj", "{2F229448-E689-4773-BF9C-70045503B8D6}"
EndProject
Global
	GlobalSection(SolutionConfigurationPlatforms) = preSolution
		Debug|Any CPU = Debug|Any CPU
		Release|Any CPU = Release|Any CPU
	EndGlobalSection
	GlobalSection(ProjectConfigurationPlatforms) = postSolution
		{2F229448-E689-4773-BF9C-70045503B8D6}.Debug|Any CPU.ActiveCfg = Debug|Any CPU
		{2F229448-E689-4773-BF9C-70045503B8D6}.Debug|Any CPU.Build.0 = Debug|Any CPU
		{2F229448-E689-4773-BF9C-70045503B8D6}.Release|Any CPU.ActiveCfg = Release|Any CPU
		{2F229448-E689-4773-BF9C-70045503B8D6}.Release|Any CPU.Build.0 = Release|Any CPU
	EndGlobalSection
	GlobalSection(SolutionProperties) = preSolution
		HideSolutionNode = FALSE
	EndGlobalSection
	GlobalSection(ExtensibilityGlobals) = postSolution
		SolutionGuid = {9EB7765E-DF90-4DFB-8759-726A7FC14862}
	EndGlobalSection
EndGlobal
